
Microsoft Visual Studio Solution File, Format Version 12.00
# Visual Studio 2012
Project("{FAE04EC0-301F-11D3-BF4B-00C04F79EFBC}") = "AFSchedulesModelGenerator", "AFSchedulesModelGenerator\AFSchedulesModelGenerator.csproj", "{C9ED1291-1C21-4215-B6AD-679A396C5229}"
EndProject
Global
	GlobalSection(SolutionConfigurationPlatforms) = preSolution
		Debug|Any CPU = Debug|Any CPU
		Release|Any CPU = Release|Any CPU
	EndGlobalSection
	GlobalSection(ProjectConfigurationPlatforms) = postSolution
		{C9ED1291-1C21-4215-B6AD-679A396C5229}.Debug|Any CPU.ActiveCfg = Debug|Any CPU
		{C9ED1291-1C21-4215-B6AD-679A396C5229}.Debug|Any CPU.Build.0 = Debug|Any CPU
		{C9ED1291-1C21-4215-B6AD-679A396C5229}.Release|Any CPU.ActiveCfg = Release|Any CPU
		{C9ED1291-1C21-4215-B6AD-679A396C5229}.Release|Any CPU.Build.0 = Release|Any CPU
	EndGlobalSection
	GlobalSection(SolutionProperties) = preSolution
		HideSolutionNode = FALSE
	EndGlobalSection
EndGlobal
